
Microsoft Visual Studio Solution File, Format Version 12.00
# Visual Studio Version 17
VisualStudioVersion = 17.0.31903.59
MinimumVisualStudioVersion = 10.0.40219.1
Project("{2150E333-8FDC-42A3-9474-1A3956D46DE8}") = "src", "src", "{827E0CD3-B72D-47B6-A68D-7590B98EB39B}"
EndProject
Project("{FAE04EC0-301F-11D3-BF4B-00C04F79EFBC}") = "GoodHamburger.Application", "src\GoodHamburger.Application\GoodHamburger.Application.csproj", "{F7AA6456-5866-421F-AC31-6E4D45CF8BAC}"
EndProject
Project("{FAE04EC0-301F-11D3-BF4B-00C04F79EFBC}") = "GoodHamburger.Domain", "src\GoodHamburger.Domain\GoodHamburger.Domain.csproj", "{20FF7636-09A0-465C-947A-19E320E2757E}"
EndProject
Project("{FAE04EC0-301F-11D3-BF4B-00C04F79EFBC}") = "GoodHamburger.Infra", "src\GoodHamburger.Infra\GoodHamburger.Infra.csproj", "{575132C5-5A1D-4933-9474-B6ED504C65B0}"
EndProject
Project("{FAE04EC0-301F-11D3-BF4B-00C04F79EFBC}") = "GoodHamburger.Shared", "src\GoodHamburger.Shared\GoodHamburger.Shared.csproj", "{EDEF89EA-5EE1-4146-82CF-8C15DC38ACB4}"
EndProject
Project("{FAE04EC0-301F-11D3-BF4B-00C04F79EFBC}") = "GoodHamburger.WebAPI", "src\GoodHamburger.WebAPI\GoodHamburger.WebAPI.csproj", "{86E45159-0AF3-427A-A5D4-932CC5709F3F}"
EndProject
Project("{2150E333-8FDC-42A3-9474-1A3956D46DE8}") = "tests", "tests", "{0AB3BF05-4346-4AA6-1389-037BE0695223}"
EndProject
Project("{FAE04EC0-301F-11D3-BF4B-00C04F79EFBC}") = "GoodHamburger.Domain.Tests", "tests\GoodHamburger.Domain.Tests\GoodHamburger.Domain.Tests.csproj", "{CB41A829-EE01-4F48-92D9-D229A3A6D8C5}"
EndProject
Project("{FAE04EC0-301F-11D3-BF4B-00C04F79EFBC}") = "GoodHamburger.Application.Tests", "tests\GoodHamburger.Application.Tests\GoodHamburger.Application.Tests.csproj", "{67265FB3-CD41-4CB0-9BF4-2BF367B959DF}"
EndProject
Global
	GlobalSection(SolutionConfigurationPlatforms) = preSolution
		Debug|Any CPU = Debug|Any CPU
		Debug|x64 = Debug|x64
		Debug|x86 = Debug|x86
		Release|Any CPU = Release|Any CPU
		Release|x64 = Release|x64
		Release|x86 = Release|x86
	EndGlobalSection
	GlobalSection(ProjectConfigurationPlatforms) = postSolution
		{F7AA6456-5866-421F-AC31-6E4D45CF8BAC}.Debug|Any CPU.ActiveCfg = Debug|Any CPU
		{F7AA6456-5866-421F-AC31-6E4D45CF8BAC}.Debug|Any CPU.Build.0 = Debug|Any CPU
		{F7AA6456-5866-421F-AC31-6E4D45CF8BAC}.Debug|x64.ActiveCfg = Debug|Any CPU
		{F7AA6456-5866-421F-AC31-6E4D45CF8BAC}.Debug|x64.Build.0 = Debug|Any CPU
		{F7AA6456-5866-421F-AC31-6E4D45CF8BAC}.Debug|x86.ActiveCfg = Debug|Any CPU
		{F7AA6456-5866-421F-AC31-6E4D45CF8BAC}.Debug|x86.Build.0 = Debug|Any CPU
		{F7AA6456-5866-421F-AC31-6E4D45CF8BAC}.Release|Any CPU.ActiveCfg = Release|Any CPU
		{F7AA6456-5866-421F-AC31-6E4D45CF8BAC}.Release|Any CPU.Build.0 = Release|Any CPU
		{F7AA6456-5866-421F-AC31-6E4D45CF8BAC}.Release|x64.ActiveCfg = Release|Any CPU
		{F7AA6456-5866-421F-AC31-6E4D45CF8BAC}.Release|x64.Build.0 = Release|Any CPU
		{F7AA6456-5866-421F-AC31-6E4D45CF8BAC}.Release|x86.ActiveCfg = Release|Any CPU
		{F7AA6456-5866-421F-AC31-6E4D45CF8BAC}.Release|x86.Build.0 = Release|Any CPU
		{20FF7636-09A0-465C-947A-19E320E2757E}.Debug|Any CPU.ActiveCfg = Debug|Any CPU
		{20FF7636-09A0-465C-947A-19E320E2757E}.Debug|Any CPU.Build.0 = Debug|Any CPU
		{20FF7636-09A0-465C-947A-19E320E2757E}.Debug|x64.ActiveCfg = Debug|Any CPU
		{20FF7636-09A0-465C-947A-19E320E2757E}.Debug|x64.Build.0 = Debug|Any CPU
		{20FF7636-09A0-465C-947A-19E320E2757E}.Debug|x86.ActiveCfg = Debug|Any CPU
		{20FF7636-09A0-465C-947A-19E320E2757E}.Debug|x86.Build.0 = Debug|Any CPU
		{20FF7636-09A0-465C-947A-19E320E2757E}.Release|Any CPU.ActiveCfg = Release|Any CPU
		{20FF7636-09A0-465C-947A-19E320E2757E}.Release|Any CPU.Build.0 = Release|Any CPU
		{20FF7636-09A0-465C-947A-19E320E2757E}.Release|x64.ActiveCfg = Release|Any CPU
		{20FF7636-09A0-465C-947A-19E320E2757E}.Release|x64.Build.0 = Release|Any CPU
		{20FF7636-09A0-465C-947A-19E320E2757E}.Release|x86.ActiveCfg = Release|Any CPU
		{20FF7636-09A0-465C-947A-19E320E2757E}.Release|x86.Build.0 = Release|Any CPU
		{575132C5-5A1D-4933-9474-B6ED504C65B0}.Debug|Any CPU.ActiveCfg = Debug|Any CPU
		{575132C5-5A1D-4933-9474-B6ED504C65B0}.Debug|Any CPU.Build.0 = Debug|Any CPU
		{575132C5-5A1D-4933-9474-B6ED504C65B0}.Debug|x64.ActiveCfg = Debug|Any CPU
		{575132C5-5A1D-4933-9474-B6ED504C65B0}.Debug|x64.Build.0 = Debug|Any CPU
		{575132C5-5A1D-4933-9474-B6ED504C65B0}.Debug|x86.ActiveCfg = Debug|Any CPU
		{575132C5-5A1D-4933-9474-B6ED504C65B0}.Debug|x86.Build.0 = Debug|Any CPU
		{575132C5-5A1D-4933-9474-B6ED504C65B0}.Release|Any CPU.ActiveCfg = Release|Any CPU
		{575132C5-5A1D-4933-9474-B6ED504C65B0}.Release|Any CPU.Build.0 = Release|Any CPU
		{575132C5-5A1D-4933-9474-B6ED504C65B0}.Release|x64.ActiveCfg = Release|Any CPU
		{575132C5-5A1D-4933-9474-B6ED504C65B0}.Release|x64.Build.0 = Release|Any CPU
		{575132C5-5A1D-4933-9474-B6ED504C65B0}.Release|x86.ActiveCfg = Release|Any CPU
		{575132C5-5A1D-4933-9474-B6ED504C65B0}.Release|x86.Build.0 = Release|Any CPU
		{EDEF89EA-5EE1-4146-82CF-8C15DC38ACB4}.Debug|Any CPU.ActiveCfg = Debug|Any CPU
		{EDEF89EA-5EE1-4146-82CF-8C15DC38ACB4}.Debug|Any CPU.Build.0 = Debug|Any CPU
		{EDEF89EA-5EE1-4146-82CF-8C15DC38ACB4}.Debug|x64.ActiveCfg = Debug|Any CPU
		{EDEF89EA-5EE1-4146-82CF-8C15DC38ACB4}.Debug|x64.Build.0 = Debug|Any CPU
		{EDEF89EA-5EE1-4146-82CF-8C15DC38ACB4}.Debug|x86.ActiveCfg = Debug|Any CPU
		{EDEF89EA-5EE1-4146-82CF-8C15DC38ACB4}.Debug|x86.Build.0 = Debug|Any CPU
		{EDEF89EA-5EE1-4146-82CF-8C15DC38ACB4}.Release|Any CPU.ActiveCfg = Release|Any CPU
		{EDEF89EA-5EE1-4146-82CF-8C15DC38ACB4}.Release|Any CPU.Build.0 = Release|Any CPU
		{EDEF89EA-5EE1-4146-82CF-8C15DC38ACB4}.Release|x64.ActiveCfg = Release|Any CPU
		{EDEF89EA-5EE1-4146-82CF-8C15DC38ACB4}.Release|x64.Build.0 = Release|Any CPU
		{EDEF89EA-5EE1-4146-82CF-8C15DC38ACB4}.Release|x86.ActiveCfg = Release|Any CPU
		{EDEF89EA-5EE1-4146-82CF-8C15DC38ACB4}.Release|x86.Build.0 = Release|Any CPU
		{86E45159-0AF3-427A-A5D4-932CC5709F3F}.Debug|Any CPU.ActiveCfg = Debug|Any CPU
		{86E45159-0AF3-427A-A5D4-932CC5709F3F}.Debug|Any CPU.Build.0 = Debug|Any CPU
		{86E45159-0AF3-427A-A5D4-932CC5709F3F}.Debug|x64.ActiveCfg = Debug|Any CPU
		{86E45159-0AF3-427A-A5D4-932CC5709F3F}.Debug|x64.Build.0 = Debug|Any CPU
		{86E45159-0AF3-427A-A5D4-932CC5709F3F}.Debug|x86.ActiveCfg = Debug|Any CPU
		{86E45159-0AF3-427A-A5D4-932CC5709F3F}.Debug|x86.Build.0 = Debug|Any CPU
		{86E45159-0AF3-427A-A5D4-932CC5709F3F}.Release|Any CPU.ActiveCfg = Release|Any CPU
		{86E45159-0AF3-427A-A5D4-932CC5709F3F}.Release|Any CPU.Build.0 = Release|Any CPU
		{86E45159-0AF3-427A-A5D4-932CC5709F3F}.Release|x64.ActiveCfg = Release|Any CPU
		{86E45159-0AF3-427A-A5D4-932CC5709F3F}.Release|x64.Build.0 = Release|Any CPU
		{86E45159-0AF3-427A-A5D4-932CC5709F3F}.Release|x86.ActiveCfg = Release|Any CPU
		{86E45159-0AF3-427A-A5D4-932CC5709F3F}.Release|x86.Build.0 = Release|Any CPU
		{CB41A829-EE01-4F48-92D9-D229A3A6D8C5}.Debug|Any CPU.ActiveCfg = Debug|Any CPU
		{CB41A829-EE01-4F48-92D9-D229A3A6D8C5}.Debug|Any CPU.Build.0 = Debug|Any CPU
		{CB41A829-EE01-4F48-92D9-D229A3A6D8C5}.Debug|x64.ActiveCfg = Debug|Any CPU
		{CB41A829-EE01-4F48-92D9-D229A3A6D8C5}.Debug|x64.Build.0 = Debug|Any CPU
		{CB41A829-EE01-4F48-92D9-D229A3A6D8C5}.Debug|x86.ActiveCfg = Debug|Any CPU
		{CB41A829-EE01-4F48-92D9-D229A3A6D8C5}.Debug|x86.Build.0 = Debug|Any CPU
		{CB41A829-EE01-4F48-92D9-D229A3A6D8C5}.Release|Any CPU.ActiveCfg = Release|Any CPU
		{CB41A829-EE01-4F48-92D9-D229A3A6D8C5}.Release|Any CPU.Build.0 = Release|Any CPU
		{CB41A829-EE01-4F48-92D9-D229A3A6D8C5}.Release|x64.ActiveCfg = Release|Any CPU
		{CB41A829-EE01-4F48-92D9-D229A3A6D8C5}.Release|x64.Build.0 = Release|Any CPU
		{CB41A829-EE01-4F48-92D9-D229A3A6D8C5}.Release|x86.ActiveCfg = Release|Any CPU
		{CB41A829-EE01-4F48-92D9-D229A3A6D8C5}.Release|x86.Build.0 = Release|Any CPU
		{67265FB3-CD41-4CB0-9BF4-2BF367B959DF}.Debug|Any CPU.ActiveCfg = Debug|Any CPU
		{67265FB3-CD41-4CB0-9BF4-2BF367B959DF}.Debug|Any CPU.Build.0 = Debug|Any CPU
		{67265FB3-CD41-4CB0-9BF4-2BF367B959DF}.Debug|x64.ActiveCfg = Debug|Any CPU
		{67265FB3-CD41-4CB0-9BF4-2BF367B959DF}.Debug|x64.Build.0 = Debug|Any CPU
		{67265FB3-CD41-4CB0-9BF4-2BF367B959DF}.Debug|x86.ActiveCfg = Debug|Any CPU
		{67265FB3-CD41-4CB0-9BF4-2BF367B959DF}.Debug|x86.Build.0 = Debug|Any CPU
		{67265FB3-CD41-4CB0-9BF4-2BF367B959DF}.Release|Any CPU.ActiveCfg = Release|Any CPU
		{67265FB3-CD41-4CB0-9BF4-2BF367B959DF}.Release|Any CPU.Build.0 = Release|Any CPU
		{67265FB3-CD41-4CB0-9BF4-2BF367B959DF}.Release|x64.ActiveCfg = Release|Any CPU
		{67265FB3-CD41-4CB0-9BF4-2BF367B959DF}.Release|x64.Build.0 = Release|Any CPU
		{67265FB3-CD41-4CB0-9BF4-2BF367B959DF}.Release|x86.ActiveCfg = Release|Any CPU
		{67265FB3-CD41-4CB0-9BF4-2BF367B959DF}.Release|x86.Build.0 = Release|Any CPU
	EndGlobalSection
	GlobalSection(SolutionProperties) = preSolution
		HideSolutionNode = FALSE
	EndGlobalSection
	GlobalSection(NestedProjects) = preSolution
		{F7AA6456-5866-421F-AC31-6E4D45CF8BAC} = {827E0CD3-B72D-47B6-A68D-7590B98EB39B}
		{20FF7636-09A0-465C-947A-19E320E2757E} = {827E0CD3-B72D-47B6-A68D-7590B98EB39B}
		{575132C5-5A1D-4933-9474-B6ED504C65B0} = {827E0CD3-B72D-47B6-A68D-7590B98EB39B}
		{EDEF89EA-5EE1-4146-82CF-8C15DC38ACB4} = {827E0CD3-B72D-47B6-A68D-7590B98EB39B}
		{86E45159-0AF3-427A-A5D4-932CC5709F3F} = {827E0CD3-B72D-47B6-A68D-7590B98EB39B}
		{CB41A829-EE01-4F48-92D9-D229A3A6D8C5} = {0AB3BF05-4346-4AA6-1389-037BE0695223}
		{67265FB3-CD41-4CB0-9BF4-2BF367B959DF} = {0AB3BF05-4346-4AA6-1389-037BE0695223}
	EndGlobalSection
	GlobalSection(ExtensibilityGlobals) = postSolution
		SolutionGuid = {07CE9EC9-0A6A-40DE-A358-F9B285AF4D93}
	EndGlobalSection
EndGlobal
